
Microsoft Visual Studio Solution File, Format Version 12.00
# Visual Studio Version 16
VisualStudioVersion = 16.0.33529.622
MinimumVisualStudioVersion = 10.0.40219.1
Project("{FAE04EC0-301F-11D3-BF4B-00C04F79EFBC}") = "eMarket", "eMarket\eMarket.csproj", "{1609CA95-AACC-4115-B712-803FD9C05D4A}"
EndProject
Global
	GlobalSection(SolutionConfigurationPlatforms) = preSolution
		Debug|Any CPU = Debug|Any CPU
		Release|Any CPU = Release|Any CPU
	EndGlobalSection
	GlobalSection(ProjectConfigurationPlatforms) = postSolution
		{1609CA95-AACC-4115-B712-803FD9C05D4A}.Debug|Any CPU.ActiveCfg = Debug|Any CPU
		{1609CA95-AACC-4115-B712-803FD9C05D4A}.Debug|Any CPU.Build.0 = Debug|Any CPU
		{1609CA95-AACC-4115-B712-803FD9C05D4A}.Release|Any CPU.ActiveCfg = Release|Any CPU
		{1609CA95-AACC-4115-B712-803FD9C05D4A}.Release|Any CPU.Build.0 = Release|Any CPU
	EndGlobalSection
	GlobalSection(SolutionProperties) = preSolution
		HideSolutionNode = FALSE
	EndGlobalSection
	GlobalSection(ExtensibilityGlobals) = postSolution
		SolutionGuid = {7D265E9B-0941-4525-844B-ADA04F7EA32A}
	EndGlobalSection
EndGlobal
